// !$*UTF8*$!
{
	archiveVersion = 1;
	classes = {
	};
	objectVersion = 48;
	objects = {

/* Begin PBXBuildFile section */
		5527A74E207D0C12007A4761 /* README.md in Resources */ = {isa = PBXBuildFile; fileRef = 5527A74C207D0C11007A4761 /* README.md */; };
		5527A74F207D0C12007A4761 /* SwiftDI.podspec in Resources */ = {isa = PBXBuildFile; fileRef = 5527A74D207D0C12007A4761 /* SwiftDI.podspec */; };
		5527A751207D0FE2007A4761 /* LICENSE in Resources */ = {isa = PBXBuildFile; fileRef = 5527A750207D0FE2007A4761 /* LICENSE */; };
		5578FE272078B00100760D6E /* SwiftDI.framework in Frameworks */ = {isa = PBXBuildFile; fileRef = 5578FE1D2078B00100760D6E /* SwiftDI.framework */; };
		5578FE2E2078B00100760D6E /* SwiftDI.h in Headers */ = {isa = PBXBuildFile; fileRef = 5578FE202078B00100760D6E /* SwiftDI.h */; settings = {ATTRIBUTES = (Public, ); }; };
		5578FE392078B08900760D6E /* Injector.swift in Sources */ = {isa = PBXBuildFile; fileRef = 5578FE382078B08900760D6E /* Injector.swift */; };
		5578FE3C2078C8E200760D6E /* InjectorKey.swift in Sources */ = {isa = PBXBuildFile; fileRef = 5578FE3B2078C8E200760D6E /* InjectorKey.swift */; };
		5578FE3E2078CA7200760D6E /* InjectProvider.swift in Sources */ = {isa = PBXBuildFile; fileRef = 5578FE3D2078CA7200760D6E /* InjectProvider.swift */; };
		5578FE402078CAAB00760D6E /* BindingBuilder.swift in Sources */ = {isa = PBXBuildFile; fileRef = 5578FE3F2078CAAB00760D6E /* BindingBuilder.swift */; };
		5578FE422078D3B200760D6E /* InjectorTest.swift in Sources */ = {isa = PBXBuildFile; fileRef = 5578FE412078D3B200760D6E /* InjectorTest.swift */; };
		5578FE442078D41200760D6E /* InjectorPerformanceTest.swift in Sources */ = {isa = PBXBuildFile; fileRef = 5578FE432078D41200760D6E /* InjectorPerformanceTest.swift */; };
		5578FE462078E29300760D6E /* InjectorInheritanceTest.swift in Sources */ = {isa = PBXBuildFile; fileRef = 5578FE452078E29300760D6E /* InjectorInheritanceTest.swift */; };
		5578FE4A2079CE8900760D6E /* Injector+Config.swift in Sources */ = {isa = PBXBuildFile; fileRef = 5578FE492079CE8900760D6E /* Injector+Config.swift */; };
/* End PBXBuildFile section */

/* Begin PBXContainerItemProxy section */
		5578FE282078B00100760D6E /* PBXContainerItemProxy */ = {
			isa = PBXContainerItemProxy;
			containerPortal = 5578FE142078B00100760D6E /* Project object */;
			proxyType = 1;
			remoteGlobalIDString = 5578FE1C2078B00100760D6E;
			remoteInfo = SwiftDI;
		};
/* End PBXContainerItemProxy section */

/* Begin PBXFileReference section */
		5527A74C207D0C11007A4761 /* README.md */ = {isa = PBXFileReference; fileEncoding = 4; lastKnownFileType = net.daringfireball.markdown; path = README.md; sourceTree = "<group>"; };
		5527A74D207D0C12007A4761 /* SwiftDI.podspec */ = {isa = PBXFileReference; fileEncoding = 4; lastKnownFileType = text; path = SwiftDI.podspec; sourceTree = "<group>"; };
		5527A750207D0FE2007A4761 /* LICENSE */ = {isa = PBXFileReference; fileEncoding = 4; lastKnownFileType = text; path = LICENSE; sourceTree = "<group>"; };
		5527A754207D266C007A4761 /* .travis.yml */ = {isa = PBXFileReference; lastKnownFileType = text; path = .travis.yml; sourceTree = "<group>"; };
		5578FE1D2078B00100760D6E /* SwiftDI.framework */ = {isa = PBXFileReference; explicitFileType = wrapper.framework; includeInIndex = 0; path = SwiftDI.framework; sourceTree = BUILT_PRODUCTS_DIR; };
		5578FE202078B00100760D6E /* SwiftDI.h */ = {isa = PBXFileReference; lastKnownFileType = sourcecode.c.h; path = SwiftDI.h; sourceTree = "<group>"; };
		5578FE212078B00100760D6E /* Info.plist */ = {isa = PBXFileReference; lastKnownFileType = text.plist.xml; path = Info.plist; sourceTree = "<group>"; };
		5578FE262078B00100760D6E /* SwiftDITests.xctest */ = {isa = PBXFileReference; explicitFileType = wrapper.cfbundle; includeInIndex = 0; path = SwiftDITests.xctest; sourceTree = BUILT_PRODUCTS_DIR; };
		5578FE2D2078B00100760D6E /* Info.plist */ = {isa = PBXFileReference; lastKnownFileType = text.plist.xml; path = Info.plist; sourceTree = "<group>"; };
		5578FE382078B08900760D6E /* Injector.swift */ = {isa = PBXFileReference; lastKnownFileType = sourcecode.swift; path = Injector.swift; sourceTree = "<group>"; };
		5578FE3B2078C8E200760D6E /* InjectorKey.swift */ = {isa = PBXFileReference; lastKnownFileType = sourcecode.swift; path = InjectorKey.swift; sourceTree = "<group>"; };
		5578FE3D2078CA7200760D6E /* InjectProvider.swift */ = {isa = PBXFileReference; lastKnownFileType = sourcecode.swift; path = InjectProvider.swift; sourceTree = "<group>"; };
		5578FE3F2078CAAB00760D6E /* BindingBuilder.swift */ = {isa = PBXFileReference; lastKnownFileType = sourcecode.swift; path = BindingBuilder.swift; sourceTree = "<group>"; };
		5578FE412078D3B200760D6E /* InjectorTest.swift */ = {isa = PBXFileReference; lastKnownFileType = sourcecode.swift; path = InjectorTest.swift; sourceTree = "<group>"; };
		5578FE432078D41200760D6E /* InjectorPerformanceTest.swift */ = {isa = PBXFileReference; lastKnownFileType = sourcecode.swift; path = InjectorPerformanceTest.swift; sourceTree = "<group>"; };
		5578FE452078E29300760D6E /* InjectorInheritanceTest.swift */ = {isa = PBXFileReference; lastKnownFileType = sourcecode.swift; path = InjectorInheritanceTest.swift; sourceTree = "<group>"; };
		5578FE492079CE8900760D6E /* Injector+Config.swift */ = {isa = PBXFileReference; lastKnownFileType = sourcecode.swift; path = "Injector+Config.swift"; sourceTree = "<group>"; };
/* End PBXFileReference section */

/* Begin PBXFrameworksBuildPhase section */
		5578FE192078B00100760D6E /* Frameworks */ = {
			isa = PBXFrameworksBuildPhase;
			buildActionMask = 2147483647;
			files = (
			);
			runOnlyForDeploymentPostprocessing = 0;
		};
		5578FE232078B00100760D6E /* Frameworks */ = {
			isa = PBXFrameworksBuildPhase;
			buildActionMask = 2147483647;
			files = (
				5578FE272078B00100760D6E /* SwiftDI.framework in Frameworks */,
			);
			runOnlyForDeploymentPostprocessing = 0;
		};
/* End PBXFrameworksBuildPhase section */

/* Begin PBXGroup section */
		5523AD2F207D0BDB00AD4EF3 /* Support */ = {
			isa = PBXGroup;
			children = (
				5527A754207D266C007A4761 /* .travis.yml */,
				5527A74C207D0C11007A4761 /* README.md */,
				5527A74D207D0C12007A4761 /* SwiftDI.podspec */,
				5527A750207D0FE2007A4761 /* LICENSE */,
			);
			name = Support;
			sourceTree = "<group>";
		};
		5578FE132078B00100760D6E = {
			isa = PBXGroup;
			children = (
				5578FE372078B00B00760D6E /* Source */,
				5523AD2F207D0BDB00AD4EF3 /* Support */,
				5578FE1F2078B00100760D6E /* SwiftDI */,
				5578FE2A2078B00100760D6E /* SwiftDITests */,
				5578FE1E2078B00100760D6E /* Products */,
			);
			sourceTree = "<group>";
		};
		5578FE1E2078B00100760D6E /* Products */ = {
			isa = PBXGroup;
			children = (
				5578FE1D2078B00100760D6E /* SwiftDI.framework */,
				5578FE262078B00100760D6E /* SwiftDITests.xctest */,
			);
			name = Products;
			sourceTree = "<group>";
		};
		5578FE1F2078B00100760D6E /* SwiftDI */ = {
			isa = PBXGroup;
			children = (
				5578FE202078B00100760D6E /* SwiftDI.h */,
				5578FE212078B00100760D6E /* Info.plist */,
			);
			path = SwiftDI;
			sourceTree = "<group>";
		};
		5578FE2A2078B00100760D6E /* SwiftDITests */ = {
			isa = PBXGroup;
			children = (
				5578FE2D2078B00100760D6E /* Info.plist */,
				5578FE412078D3B200760D6E /* InjectorTest.swift */,
				5578FE452078E29300760D6E /* InjectorInheritanceTest.swift */,
				5578FE432078D41200760D6E /* InjectorPerformanceTest.swift */,
			);
			path = SwiftDITests;
			sourceTree = "<group>";
		};
		5578FE372078B00B00760D6E /* Source */ = {
			isa = PBXGroup;
			children = (
				5578FE382078B08900760D6E /* Injector.swift */,
				5578FE492079CE8900760D6E /* Injector+Config.swift */,
				5578FE3B2078C8E200760D6E /* InjectorKey.swift */,
				5578FE3D2078CA7200760D6E /* InjectProvider.swift */,
				5578FE3F2078CAAB00760D6E /* BindingBuilder.swift */,
			);
			path = Source;
			sourceTree = "<group>";
		};
/* End PBXGroup section */

/* Begin PBXHeadersBuildPhase section */
		5578FE1A2078B00100760D6E /* Headers */ = {
			isa = PBXHeadersBuildPhase;
			buildActionMask = 2147483647;
			files = (
				5578FE2E2078B00100760D6E /* SwiftDI.h in Headers */,
			);
			runOnlyForDeploymentPostprocessing = 0;
		};
/* End PBXHeadersBuildPhase section */

/* Begin PBXNativeTarget section */
		5578FE1C2078B00100760D6E /* SwiftDI */ = {
			isa = PBXNativeTarget;
			buildConfigurationList = 5578FE312078B00100760D6E /* Build configuration list for PBXNativeTarget "SwiftDI" */;
			buildPhases = (
				5578FE182078B00100760D6E /* Sources */,
				5578FE192078B00100760D6E /* Frameworks */,
				5578FE1A2078B00100760D6E /* Headers */,
				5578FE1B2078B00100760D6E /* Resources */,
			);
			buildRules = (
			);
			dependencies = (
			);
			name = SwiftDI;
			productName = SwiftDI;
			productReference = 5578FE1D2078B00100760D6E /* SwiftDI.framework */;
			productType = "com.apple.product-type.framework";
		};
		5578FE252078B00100760D6E /* SwiftDITests */ = {
			isa = PBXNativeTarget;
			buildConfigurationList = 5578FE342078B00100760D6E /* Build configuration list for PBXNativeTarget "SwiftDITests" */;
			buildPhases = (
				5578FE222078B00100760D6E /* Sources */,
				5578FE232078B00100760D6E /* Frameworks */,
				5578FE242078B00100760D6E /* Resources */,
			);
			buildRules = (
			);
			dependencies = (
				5578FE292078B00100760D6E /* PBXTargetDependency */,
			);
			name = SwiftDITests;
			productName = SwiftDITests;
			productReference = 5578FE262078B00100760D6E /* SwiftDITests.xctest */;
			productType = "com.apple.product-type.bundle.unit-test";
		};
/* End PBXNativeTarget section */

/* Begin PBXProject section */
		5578FE142078B00100760D6E /* Project object */ = {
			isa = PBXProject;
			attributes = {
				LastSwiftUpdateCheck = 0920;
				LastUpgradeCheck = 0920;
				ORGANIZATIONNAME = "Little Stars";
				TargetAttributes = {
					5578FE1C2078B00100760D6E = {
						CreatedOnToolsVersion = 9.2;
						LastSwiftMigration = 0920;
						ProvisioningStyle = Automatic;
					};
					5578FE252078B00100760D6E = {
						CreatedOnToolsVersion = 9.2;
						ProvisioningStyle = Automatic;
					};
				};
			};
			buildConfigurationList = 5578FE172078B00100760D6E /* Build configuration list for PBXProject "SwiftDI" */;
			compatibilityVersion = "Xcode 8.0";
			developmentRegion = en;
			hasScannedForEncodings = 0;
			knownRegions = (
				en,
			);
			mainGroup = 5578FE132078B00100760D6E;
			productRefGroup = 5578FE1E2078B00100760D6E /* Products */;
			projectDirPath = "";
			projectRoot = "";
			targets = (
				5578FE1C2078B00100760D6E /* SwiftDI */,
				5578FE252078B00100760D6E /* SwiftDITests */,
			);
		};
/* End PBXProject section */

/* Begin PBXResourcesBuildPhase section */
		5578FE1B2078B00100760D6E /* Resources */ = {
			isa = PBXResourcesBuildPhase;
			buildActionMask = 2147483647;
			files = (
				5527A751207D0FE2007A4761 /* LICENSE in Resources */,
				5527A74E207D0C12007A4761 /* README.md in Resources */,
				5527A74F207D0C12007A4761 /* SwiftDI.podspec in Resources */,
			);
			runOnlyForDeploymentPostprocessing = 0;
		};
		5578FE242078B00100760D6E /* Resources */ = {
			isa = PBXResourcesBuildPhase;
			buildActionMask = 2147483647;
			files = (
			);
			runOnlyForDeploymentPostprocessing = 0;
		};
/* End PBXResourcesBuildPhase section */

/* Begin PBXSourcesBuildPhase section */
		5578FE182078B00100760D6E /* Sources */ = {
			isa = PBXSourcesBuildPhase;
			buildActionMask = 2147483647;
			files = (
				5578FE392078B08900760D6E /* Injector.swift in Sources */,
				5578FE4A2079CE8900760D6E /* Injector+Config.swift in Sources */,
				5578FE402078CAAB00760D6E /* BindingBuilder.swift in Sources */,
				5578FE3E2078CA7200760D6E /* InjectProvider.swift in Sources */,
				5578FE3C2078C8E200760D6E /* InjectorKey.swift in Sources */,
			);
			runOnlyForDeploymentPostprocessing = 0;
		};
		5578FE222078B00100760D6E /* Sources */ = {
			isa = PBXSourcesBuildPhase;
			buildActionMask = 2147483647;
			files = (
				5578FE462078E29300760D6E /* InjectorInheritanceTest.swift in Sources */,
				5578FE442078D41200760D6E /* InjectorPerformanceTest.swift in Sources */,
				5578FE422078D3B200760D6E /* InjectorTest.swift in Sources */,
			);
			runOnlyForDeploymentPostprocessing = 0;
		};
/* End PBXSourcesBuildPhase section */

/* Begin PBXTargetDependency section */
		5578FE292078B00100760D6E /* PBXTargetDependency */ = {
			isa = PBXTargetDependency;
			target = 5578FE1C2078B00100760D6E /* SwiftDI */;
			targetProxy = 5578FE282078B00100760D6E /* PBXContainerItemProxy */;
		};
/* End PBXTargetDependency section */

/* Begin XCBuildConfiguration section */
		5578FE2F2078B00100760D6E /* Debug */ = {
			isa = XCBuildConfiguration;
			buildSettings = {
				ALWAYS_SEARCH_USER_PATHS = NO;
				CLANG_ANALYZER_NONNULL = YES;
				CLANG_ANALYZER_NUMBER_OBJECT_CONVERSION = YES_AGGRESSIVE;
				CLANG_CXX_LANGUAGE_STANDARD = "gnu++14";
				CLANG_CXX_LIBRARY = "libc++";
				CLANG_ENABLE_MODULES = YES;
				CLANG_ENABLE_OBJC_ARC = YES;
				CLANG_WARN_BLOCK_CAPTURE_AUTORELEASING = YES;
				CLANG_WARN_BOOL_CONVERSION = YES;
				CLANG_WARN_COMMA = YES;
				CLANG_WARN_CONSTANT_CONVERSION = YES;
				CLANG_WARN_DIRECT_OBJC_ISA_USAGE = YES_ERROR;
				CLANG_WARN_DOCUMENTATION_COMMENTS = YES;
				CLANG_WARN_EMPTY_BODY = YES;
				CLANG_WARN_ENUM_CONVERSION = YES;
				CLANG_WARN_INFINITE_RECURSION = YES;
				CLANG_WARN_INT_CONVERSION = YES;
				CLANG_WARN_NON_LITERAL_NULL_CONVERSION = YES;
				CLANG_WARN_OBJC_LITERAL_CONVERSION = YES;
				CLANG_WARN_OBJC_ROOT_CLASS = YES_ERROR;
				CLANG_WARN_RANGE_LOOP_ANALYSIS = YES;
				CLANG_WARN_STRICT_PROTOTYPES = YES;
				CLANG_WARN_SUSPICIOUS_MOVE = YES;
				CLANG_WARN_UNGUARDED_AVAILABILITY = YES_AGGRESSIVE;
				CLANG_WARN_UNREACHABLE_CODE = YES;
				CLANG_WARN__DUPLICATE_METHOD_MATCH = YES;
				CODE_SIGN_IDENTITY = "iPhone Developer";
				COPY_PHASE_STRIP = NO;
				CURRENT_PROJECT_VERSION = 1;
				DEBUG_INFORMATION_FORMAT = dwarf;
				ENABLE_STRICT_OBJC_MSGSEND = YES;
				ENABLE_TESTABILITY = YES;
				GCC_C_LANGUAGE_STANDARD = gnu11;
				GCC_DYNAMIC_NO_PIC = NO;
				GCC_NO_COMMON_BLOCKS = YES;
				GCC_OPTIMIZATION_LEVEL = 0;
				GCC_PREPROCESSOR_DEFINITIONS = (
					"DEBUG=1",
					"$(inherited)",
				);
				GCC_WARN_64_TO_32_BIT_CONVERSION = YES;
				GCC_WARN_ABOUT_RETURN_TYPE = YES_ERROR;
				GCC_WARN_UNDECLARED_SELECTOR = YES;
				GCC_WARN_UNINITIALIZED_AUTOS = YES_AGGRESSIVE;
				GCC_WARN_UNUSED_FUNCTION = YES;
				GCC_WARN_UNUSED_VARIABLE = YES;
				IPHONEOS_DEPLOYMENT_TARGET = 8.0;
				MTL_ENABLE_DEBUG_INFO = YES;
				ONLY_ACTIVE_ARCH = YES;
				SDKROOT = iphoneos;
				SUPPORTED_PLATFORMS = "iphonesimulator iphoneos appletvsimulator appletvos macosx watchsimulator watchos";
				SWIFT_ACTIVE_COMPILATION_CONDITIONS = DEBUG;
				SWIFT_OPTIMIZATION_LEVEL = "-Onone";
				TARGETED_DEVICE_FAMILY = "1,2";
				VERSIONING_SYSTEM = "apple-generic";
				VERSION_INFO_PREFIX = "";
			};
			name = Debug;
		};
		5578FE302078B00100760D6E /* Release */ = {
			isa = XCBuildConfiguration;
			buildSettings = {
				ALWAYS_SEARCH_USER_PATHS = NO;
				CLANG_ANALYZER_NONNULL = YES;
				CLANG_ANALYZER_NUMBER_OBJECT_CONVERSION = YES_AGGRESSIVE;
				CLANG_CXX_LANGUAGE_STANDARD = "gnu++14";
				CLANG_CXX_LIBRARY = "libc++";
				CLANG_ENABLE_MODULES = YES;
				CLANG_ENABLE_OBJC_ARC = YES;
				CLANG_WARN_BLOCK_CAPTURE_AUTORELEASING = YES;
				CLANG_WARN_BOOL_CONVERSION = YES;
				CLANG_WARN_COMMA = YES;
				CLANG_WARN_CONSTANT_CONVERSION = YES;
				CLANG_WARN_DIRECT_OBJC_ISA_USAGE = YES_ERROR;
				CLANG_WARN_DOCUMENTATION_COMMENTS = YES;
				CLANG_WARN_EMPTY_BODY = YES;
				CLANG_WARN_ENUM_CONVERSION = YES;
				CLANG_WARN_INFINITE_RECURSION = YES;
				CLANG_WARN_INT_CONVERSION = YES;
				CLANG_WARN_NON_LITERAL_NULL_CONVERSION = YES;
				CLANG_WARN_OBJC_LITERAL_CONVERSION = YES;
				CLANG_WARN_OBJC_ROOT_CLASS = YES_ERROR;
				CLANG_WARN_RANGE_LOOP_ANALYSIS = YES;
				CLANG_WARN_STRICT_PROTOTYPES = YES;
				CLANG_WARN_SUSPICIOUS_MOVE = YES;
				CLANG_WARN_UNGUARDED_AVAILABILITY = YES_AGGRESSIVE;
				CLANG_WARN_UNREACHABLE_CODE = YES;
				CLANG_WARN__DUPLICATE_METHOD_MATCH = YES;
				CODE_SIGN_IDENTITY = "iPhone Developer";
				COPY_PHASE_STRIP = NO;
				CURRENT_PROJECT_VERSION = 1;
				DEBUG_INFORMATION_FORMAT = "dwarf-with-dsym";
				ENABLE_NS_ASSERTIONS = NO;
				ENABLE_STRICT_OBJC_MSGSEND = YES;
				GCC_C_LANGUAGE_STANDARD = gnu11;
				GCC_NO_COMMON_BLOCKS = YES;
				GCC_WARN_64_TO_32_BIT_CONVERSION = YES;
				GCC_WARN_ABOUT_RETURN_TYPE = YES_ERROR;
				GCC_WARN_UNDECLARED_SELECTOR = YES;
				GCC_WARN_UNINITIALIZED_AUTOS = YES_AGGRESSIVE;
				GCC_WARN_UNUSED_FUNCTION = YES;
				GCC_WARN_UNUSED_VARIABLE = YES;
				IPHONEOS_DEPLOYMENT_TARGET = 8.0;
				MTL_ENABLE_DEBUG_INFO = NO;
				SDKROOT = iphoneos;
				SUPPORTED_PLATFORMS = "iphonesimulator iphoneos appletvsimulator appletvos macosx watchsimulator watchos";
				SWIFT_OPTIMIZATION_LEVEL = "-Owholemodule";
				TARGETED_DEVICE_FAMILY = "1,2";
				VALIDATE_PRODUCT = YES;
				VERSIONING_SYSTEM = "apple-generic";
				VERSION_INFO_PREFIX = "";
			};
			name = Release;
		};
		5578FE322078B00100760D6E /* Debug */ = {
			isa = XCBuildConfiguration;
			buildSettings = {
				CLANG_ENABLE_MODULES = YES;
				CODE_SIGN_IDENTITY = "";
				CODE_SIGN_STYLE = Automatic;
				DEFINES_MODULE = YES;
				DEVELOPMENT_TEAM = "";
				DYLIB_COMPATIBILITY_VERSION = 1;
				DYLIB_CURRENT_VERSION = 1;
				DYLIB_INSTALL_NAME_BASE = "@rpath";
				INFOPLIST_FILE = SwiftDI/Info.plist;
				INSTALL_PATH = "$(LOCAL_LIBRARY_DIR)/Frameworks";
				LD_RUNPATH_SEARCH_PATHS = "$(inherited) @executable_path/Frameworks @loader_path/Frameworks";
				PRODUCT_BUNDLE_IDENTIFIER = ru.littlestars.SwiftDI;
				PRODUCT_NAME = "$(TARGET_NAME:c99extidentifier)";
				SKIP_INSTALL = YES;
				SWIFT_OPTIMIZATION_LEVEL = "-Onone";
				SWIFT_VERSION = 4.0;
				TARGETED_DEVICE_FAMILY = "1,2";
			};
			name = Debug;
		};
		5578FE332078B00100760D6E /* Release */ = {
			isa = XCBuildConfiguration;
			buildSettings = {
				CLANG_ENABLE_MODULES = YES;
				CODE_SIGN_IDENTITY = "";
				CODE_SIGN_STYLE = Automatic;
				DEFINES_MODULE = YES;
				DEVELOPMENT_TEAM = "";
				DYLIB_COMPATIBILITY_VERSION = 1;
				DYLIB_CURRENT_VERSION = 1;
				DYLIB_INSTALL_NAME_BASE = "@rpath";
				INFOPLIST_FILE = SwiftDI/Info.plist;
				INSTALL_PATH = "$(LOCAL_LIBRARY_DIR)/Frameworks";
				LD_RUNPATH_SEARCH_PATHS = "$(inherited) @executable_path/Frameworks @loader_path/Frameworks";
				PRODUCT_BUNDLE_IDENTIFIER = ru.littlestars.SwiftDI;
				PRODUCT_NAME = "$(TARGET_NAME:c99extidentifier)";
				SKIP_INSTALL = YES;
				SWIFT_VERSION = 4.0;
				TARGETED_DEVICE_FAMILY = "1,2";
			};
			name = Release;
		};
		5578FE352078B00100760D6E /* Debug */ = {
			isa = XCBuildConfiguration;
			buildSettings = {
				ALWAYS_EMBED_SWIFT_STANDARD_LIBRARIES = YES;
				CODE_SIGN_IDENTITY = "iPhone Developer";
				CODE_SIGN_STYLE = Automatic;
				DEVELOPMENT_TEAM = "";
				INFOPLIST_FILE = SwiftDITests/Info.plist;
				LD_RUNPATH_SEARCH_PATHS = "$(inherited) @executable_path/Frameworks @loader_path/Frameworks";
				PRODUCT_BUNDLE_IDENTIFIER = ru.littlestars.SwiftDITests;
				PRODUCT_NAME = "$(TARGET_NAME)";
				PROVISIONING_PROFILE_SPECIFIER = "";
				SWIFT_VERSION = 4.0;
				TARGETED_DEVICE_FAMILY = "1,2";
			};
			name = Debug;
		};
		5578FE362078B00100760D6E /* Release */ = {
			isa = XCBuildConfiguration;
			buildSettings = {
				ALWAYS_EMBED_SWIFT_STANDARD_LIBRARIES = YES;
				CODE_SIGN_IDENTITY = "iPhone Developer";
				CODE_SIGN_STYLE = Automatic;
				DEVELOPMENT_TEAM = "";
				INFOPLIST_FILE = SwiftDITests/Info.plist;
				LD_RUNPATH_SEARCH_PATHS = "$(inherited) @executable_path/Frameworks @loader_path/Frameworks";
				PRODUCT_BUNDLE_IDENTIFIER = ru.littlestars.SwiftDITests;
				PRODUCT_NAME = "$(TARGET_NAME)";
				PROVISIONING_PROFILE_SPECIFIER = "";
				SWIFT_VERSION = 4.0;
				TARGETED_DEVICE_FAMILY = "1,2";
			};
			name = Release;
		};
/* End XCBuildConfiguration section */

/* Begin XCConfigurationList section */
		5578FE172078B00100760D6E /* Build configuration list for PBXProject "SwiftDI" */ = {
			isa = XCConfigurationList;
			buildConfigurations = (
				5578FE2F2078B00100760D6E /* Debug */,
				5578FE302078B00100760D6E /* Release */,
			);
			defaultConfigurationIsVisible = 0;
			defaultConfigurationName = Release;
		};
		5578FE312078B00100760D6E /* Build configuration list for PBXNativeTarget "SwiftDI" */ = {
			isa = XCConfigurationList;
			buildConfigurations = (
				5578FE322078B00100760D6E /* Debug */,
				5578FE332078B00100760D6E /* Release */,
			);
			defaultConfigurationIsVisible = 0;
			defaultConfigurationName = Release;
		};
		5578FE342078B00100760D6E /* Build configuration list for PBXNativeTarget "SwiftDITests" */ = {
			isa = XCConfigurationList;
			buildConfigurations = (
				5578FE352078B00100760D6E /* Debug */,
				5578FE362078B00100760D6E /* Release */,
			);
			defaultConfigurationIsVisible = 0;
			defaultConfigurationName = Release;
		};
/* End XCConfigurationList section */
	};
	rootObject = 5578FE142078B00100760D6E /* Project object */;
}
