// !$*UTF8*$!
{
   archiveVersion = "1";
   objectVersion = "46";
   objects = {
      "Nimble::Nimble" = {
         isa = "PBXNativeTarget";
         buildConfigurationList = "OBJ_131";
         buildPhases = (
            "OBJ_134",
            "OBJ_187"
         );
         dependencies = (
         );
         name = "Nimble";
         productName = "Nimble";
         productReference = "Nimble::Nimble::Product";
         productType = "com.apple.product-type.framework";
      };
      "Nimble::Nimble::Product" = {
         isa = "PBXFileReference";
         path = "Nimble.framework";
         sourceTree = "BUILT_PRODUCTS_DIR";
      };
      "Nimble::SwiftPMPackageDescription" = {
         isa = "PBXNativeTarget";
         buildConfigurationList = "OBJ_189";
         buildPhases = (
            "OBJ_192"
         );
         dependencies = (
         );
         name = "NimblePackageDescription";
         productName = "NimblePackageDescription";
         productType = "com.apple.product-type.framework";
      };
      "OBJ_1" = {
         isa = "PBXProject";
         attributes = {
            LastSwiftMigration = "9999";
            LastUpgradeCheck = "9999";
         };
         buildConfigurationList = "OBJ_2";
         compatibilityVersion = "Xcode 3.2";
         developmentRegion = "English";
         hasScannedForEncodings = "0";
         knownRegions = (
            "en"
         );
         mainGroup = "OBJ_5";
         productRefGroup = "OBJ_121";
         projectDirPath = ".";
         targets = (
            "Nimble::Nimble",
            "Nimble::SwiftPMPackageDescription",
            "Quick::Quick",
            "Quick::SwiftPMPackageDescription",
            "Quick::QuickSpecBase",
            "SwiftDI::SwiftDI",
            "SwiftDI::SwiftPMPackageDescription",
            "SwiftDI::SwiftDIPackageTests::ProductTarget",
            "SwiftDI::SwiftDITests"
         );
      };
      "OBJ_10" = {
         isa = "PBXFileReference";
         path = "Info.plist";
         sourceTree = "<group>";
      };
      "OBJ_100" = {
         isa = "PBXFileReference";
         path = "Equal.swift";
         sourceTree = "<group>";
      };
      "OBJ_101" = {
         isa = "PBXFileReference";
         path = "HaveCount.swift";
         sourceTree = "<group>";
      };
      "OBJ_102" = {
         isa = "PBXFileReference";
         path = "Match.swift";
         sourceTree = "<group>";
      };
      "OBJ_103" = {
         isa = "PBXFileReference";
         path = "MatchError.swift";
         sourceTree = "<group>";
      };
      "OBJ_104" = {
         isa = "PBXFileReference";
         path = "MatcherFunc.swift";
         sourceTree = "<group>";
      };
      "OBJ_105" = {
         isa = "PBXFileReference";
         path = "MatcherProtocols.swift";
         sourceTree = "<group>";
      };
      "OBJ_106" = {
         isa = "PBXFileReference";
         path = "PostNotification.swift";
         sourceTree = "<group>";
      };
      "OBJ_107" = {
         isa = "PBXFileReference";
         path = "Predicate.swift";
         sourceTree = "<group>";
      };
      "OBJ_108" = {
         isa = "PBXFileReference";
         path = "RaisesException.swift";
         sourceTree = "<group>";
      };
      "OBJ_109" = {
         isa = "PBXFileReference";
         path = "SatisfyAllOf.swift";
         sourceTree = "<group>";
      };
      "OBJ_11" = {
         isa = "PBXGroup";
         children = (
            "OBJ_12",
            "OBJ_13"
         );
         name = "BindingBuilder";
         path = "BindingBuilder";
         sourceTree = "<group>";
      };
      "OBJ_110" = {
         isa = "PBXFileReference";
         path = "SatisfyAnyOf.swift";
         sourceTree = "<group>";
      };
      "OBJ_111" = {
         isa = "PBXFileReference";
         path = "ThrowAssertion.swift";
         sourceTree = "<group>";
      };
      "OBJ_112" = {
         isa = "PBXFileReference";
         path = "ThrowError.swift";
         sourceTree = "<group>";
      };
      "OBJ_113" = {
         isa = "PBXFileReference";
         path = "ToSucceed.swift";
         sourceTree = "<group>";
      };
      "OBJ_114" = {
         isa = "PBXGroup";
         children = (
            "OBJ_115",
            "OBJ_116",
            "OBJ_117",
            "OBJ_118",
            "OBJ_119"
         );
         name = "Utils";
         path = "Utils";
         sourceTree = "<group>";
      };
      "OBJ_115" = {
         isa = "PBXFileReference";
         path = "Await.swift";
         sourceTree = "<group>";
      };
      "OBJ_116" = {
         isa = "PBXFileReference";
         path = "Errors.swift";
         sourceTree = "<group>";
      };
      "OBJ_117" = {
         isa = "PBXFileReference";
         path = "Functional.swift";
         sourceTree = "<group>";
      };
      "OBJ_118" = {
         isa = "PBXFileReference";
         path = "SourceLocation.swift";
         sourceTree = "<group>";
      };
      "OBJ_119" = {
         isa = "PBXFileReference";
         path = "Stringers.swift";
         sourceTree = "<group>";
      };
      "OBJ_12" = {
         isa = "PBXFileReference";
         path = "BindingBuilder+Parametrized.swift";
         sourceTree = "<group>";
      };
      "OBJ_120" = {
         isa = "PBXFileReference";
         explicitFileType = "sourcecode.swift";
         name = "Package.swift";
         path = "/Users/andrey/Develop/SwiftDI/.build/checkouts/Nimble/Package.swift";
         sourceTree = "<group>";
      };
      "OBJ_121" = {
         isa = "PBXGroup";
         children = (
            "SwiftDI::SwiftDI::Product",
            "Quick::Quick::Product",
            "Quick::QuickSpecBase::Product",
            "SwiftDI::SwiftDITests::Product",
            "Nimble::Nimble::Product"
         );
         name = "Products";
         path = "";
         sourceTree = "BUILT_PRODUCTS_DIR";
      };
      "OBJ_127" = {
         isa = "PBXFileReference";
         path = "LICENSE";
         sourceTree = "<group>";
      };
      "OBJ_128" = {
         isa = "PBXFileReference";
         path = "SwiftDI.podspec";
         sourceTree = "<group>";
      };
      "OBJ_129" = {
         isa = "PBXFileReference";
         path = "README.md";
         sourceTree = "<group>";
      };
      "OBJ_13" = {
         isa = "PBXFileReference";
         path = "BindingBuilder.swift";
         sourceTree = "<group>";
      };
      "OBJ_131" = {
         isa = "XCConfigurationList";
         buildConfigurations = (
            "OBJ_132",
            "OBJ_133"
         );
         defaultConfigurationIsVisible = "0";
         defaultConfigurationName = "Release";
      };
      "OBJ_132" = {
         isa = "XCBuildConfiguration";
         buildSettings = {
            ENABLE_TESTABILITY = "YES";
            FRAMEWORK_SEARCH_PATHS = (
               "$(inherited)",
               "$(PLATFORM_DIR)/Developer/Library/Frameworks"
            );
            HEADER_SEARCH_PATHS = (
               "$(inherited)"
            );
            INFOPLIST_FILE = "SwiftDI.xcodeproj/Nimble_Info.plist";
            IPHONEOS_DEPLOYMENT_TARGET = "8.0";
            LD_RUNPATH_SEARCH_PATHS = (
               "$(inherited)",
               "$(TOOLCHAIN_DIR)/usr/lib/swift/macosx"
            );
            MACOSX_DEPLOYMENT_TARGET = "10.10";
            OTHER_CFLAGS = (
               "$(inherited)"
            );
            OTHER_LDFLAGS = (
               "$(inherited)"
            );
            OTHER_SWIFT_FLAGS = (
               "$(inherited)"
            );
            PRODUCT_BUNDLE_IDENTIFIER = "Nimble";
            PRODUCT_MODULE_NAME = "$(TARGET_NAME:c99extidentifier)";
            PRODUCT_NAME = "$(TARGET_NAME:c99extidentifier)";
            SKIP_INSTALL = "YES";
            SWIFT_ACTIVE_COMPILATION_CONDITIONS = (
               "$(inherited)"
            );
            SWIFT_VERSION = "5.0";
            TARGET_NAME = "Nimble";
            TVOS_DEPLOYMENT_TARGET = "9.0";
            WATCHOS_DEPLOYMENT_TARGET = "2.0";
         };
         name = "Debug";
      };
      "OBJ_133" = {
         isa = "XCBuildConfiguration";
         buildSettings = {
            ENABLE_TESTABILITY = "YES";
            FRAMEWORK_SEARCH_PATHS = (
               "$(inherited)",
               "$(PLATFORM_DIR)/Developer/Library/Frameworks"
            );
            HEADER_SEARCH_PATHS = (
               "$(inherited)"
            );
            INFOPLIST_FILE = "SwiftDI.xcodeproj/Nimble_Info.plist";
            IPHONEOS_DEPLOYMENT_TARGET = "8.0";
            LD_RUNPATH_SEARCH_PATHS = (
               "$(inherited)",
               "$(TOOLCHAIN_DIR)/usr/lib/swift/macosx"
            );
            MACOSX_DEPLOYMENT_TARGET = "10.10";
            OTHER_CFLAGS = (
               "$(inherited)"
            );
            OTHER_LDFLAGS = (
               "$(inherited)"
            );
            OTHER_SWIFT_FLAGS = (
               "$(inherited)"
            );
            PRODUCT_BUNDLE_IDENTIFIER = "Nimble";
            PRODUCT_MODULE_NAME = "$(TARGET_NAME:c99extidentifier)";
            PRODUCT_NAME = "$(TARGET_NAME:c99extidentifier)";
            SKIP_INSTALL = "YES";
            SWIFT_ACTIVE_COMPILATION_CONDITIONS = (
               "$(inherited)"
            );
            SWIFT_VERSION = "5.0";
            TARGET_NAME = "Nimble";
            TVOS_DEPLOYMENT_TARGET = "9.0";
            WATCHOS_DEPLOYMENT_TARGET = "2.0";
         };
         name = "Release";
      };
      "OBJ_134" = {
         isa = "PBXSourcesBuildPhase";
         files = (
            "OBJ_135",
            "OBJ_136",
            "OBJ_137",
            "OBJ_138",
            "OBJ_139",
            "OBJ_140",
            "OBJ_141",
            "OBJ_142",
            "OBJ_143",
            "OBJ_144",
            "OBJ_145",
            "OBJ_146",
            "OBJ_147",
            "OBJ_148",
            "OBJ_149",
            "OBJ_150",
            "OBJ_151",
            "OBJ_152",
            "OBJ_153",
            "OBJ_154",
            "OBJ_155",
            "OBJ_156",
            "OBJ_157",
            "OBJ_158",
            "OBJ_159",
            "OBJ_160",
            "OBJ_161",
            "OBJ_162",
            "OBJ_163",
            "OBJ_164",
            "OBJ_165",
            "OBJ_166",
            "OBJ_167",
            "OBJ_168",
            "OBJ_169",
            "OBJ_170",
            "OBJ_171",
            "OBJ_172",
            "OBJ_173",
            "OBJ_174",
            "OBJ_175",
            "OBJ_176",
            "OBJ_177",
            "OBJ_178",
            "OBJ_179",
            "OBJ_180",
            "OBJ_181",
            "OBJ_182",
            "OBJ_183",
            "OBJ_184",
            "OBJ_185",
            "OBJ_186"
         );
      };
      "OBJ_135" = {
         isa = "PBXBuildFile";
         fileRef = "OBJ_65";
      };
      "OBJ_136" = {
         isa = "PBXBuildFile";
         fileRef = "OBJ_66";
      };
      "OBJ_137" = {
         isa = "PBXBuildFile";
         fileRef = "OBJ_67";
      };
      "OBJ_138" = {
         isa = "PBXBuildFile";
         fileRef = "OBJ_68";
      };
      "OBJ_139" = {
         isa = "PBXBuildFile";
         fileRef = "OBJ_69";
      };
      "OBJ_14" = {
         isa = "PBXFileReference";
         path = "DependencyKey.swift";
         sourceTree = "<group>";
      };
      "OBJ_140" = {
         isa = "PBXBuildFile";
         fileRef = "OBJ_70";
      };
      "OBJ_141" = {
         isa = "PBXBuildFile";
         fileRef = "OBJ_71";
      };
      "OBJ_142" = {
         isa = "PBXBuildFile";
         fileRef = "OBJ_73";
      };
      "OBJ_143" = {
         isa = "PBXBuildFile";
         fileRef = "OBJ_74";
      };
      "OBJ_144" = {
         isa = "PBXBuildFile";
         fileRef = "OBJ_75";
      };
      "OBJ_145" = {
         isa = "PBXBuildFile";
         fileRef = "OBJ_76";
      };
      "OBJ_146" = {
         isa = "PBXBuildFile";
         fileRef = "OBJ_77";
      };
      "OBJ_147" = {
         isa = "PBXBuildFile";
         fileRef = "OBJ_78";
      };
      "OBJ_148" = {
         isa = "PBXBuildFile";
         fileRef = "OBJ_79";
      };
      "OBJ_149" = {
         isa = "PBXBuildFile";
         fileRef = "OBJ_81";
      };
      "OBJ_15" = {
         isa = "PBXFileReference";
         path = "DependencyLifecycle.swift";
         sourceTree = "<group>";
      };
      "OBJ_150" = {
         isa = "PBXBuildFile";
         fileRef = "OBJ_82";
      };
      "OBJ_151" = {
         isa = "PBXBuildFile";
         fileRef = "OBJ_83";
      };
      "OBJ_152" = {
         isa = "PBXBuildFile";
         fileRef = "OBJ_84";
      };
      "OBJ_153" = {
         isa = "PBXBuildFile";
         fileRef = "OBJ_85";
      };
      "OBJ_154" = {
         isa = "PBXBuildFile";
         fileRef = "OBJ_86";
      };
      "OBJ_155" = {
         isa = "PBXBuildFile";
         fileRef = "OBJ_87";
      };
      "OBJ_156" = {
         isa = "PBXBuildFile";
         fileRef = "OBJ_88";
      };
      "OBJ_157" = {
         isa = "PBXBuildFile";
         fileRef = "OBJ_89";
      };
      "OBJ_158" = {
         isa = "PBXBuildFile";
         fileRef = "OBJ_90";
      };
      "OBJ_159" = {
         isa = "PBXBuildFile";
         fileRef = "OBJ_91";
      };
      "OBJ_16" = {
         isa = "PBXFileReference";
         path = "Injector+Config.swift";
         sourceTree = "<group>";
      };
      "OBJ_160" = {
         isa = "PBXBuildFile";
         fileRef = "OBJ_92";
      };
      "OBJ_161" = {
         isa = "PBXBuildFile";
         fileRef = "OBJ_93";
      };
      "OBJ_162" = {
         isa = "PBXBuildFile";
         fileRef = "OBJ_94";
      };
      "OBJ_163" = {
         isa = "PBXBuildFile";
         fileRef = "OBJ_95";
      };
      "OBJ_164" = {
         isa = "PBXBuildFile";
         fileRef = "OBJ_96";
      };
      "OBJ_165" = {
         isa = "PBXBuildFile";
         fileRef = "OBJ_97";
      };
      "OBJ_166" = {
         isa = "PBXBuildFile";
         fileRef = "OBJ_98";
      };
      "OBJ_167" = {
         isa = "PBXBuildFile";
         fileRef = "OBJ_99";
      };
      "OBJ_168" = {
         isa = "PBXBuildFile";
         fileRef = "OBJ_100";
      };
      "OBJ_169" = {
         isa = "PBXBuildFile";
         fileRef = "OBJ_101";
      };
      "OBJ_17" = {
         isa = "PBXFileReference";
         path = "Injector.swift";
         sourceTree = "<group>";
      };
      "OBJ_170" = {
         isa = "PBXBuildFile";
         fileRef = "OBJ_102";
      };
      "OBJ_171" = {
         isa = "PBXBuildFile";
         fileRef = "OBJ_103";
      };
      "OBJ_172" = {
         isa = "PBXBuildFile";
         fileRef = "OBJ_104";
      };
      "OBJ_173" = {
         isa = "PBXBuildFile";
         fileRef = "OBJ_105";
      };
      "OBJ_174" = {
         isa = "PBXBuildFile";
         fileRef = "OBJ_106";
      };
      "OBJ_175" = {
         isa = "PBXBuildFile";
         fileRef = "OBJ_107";
      };
      "OBJ_176" = {
         isa = "PBXBuildFile";
         fileRef = "OBJ_108";
      };
      "OBJ_177" = {
         isa = "PBXBuildFile";
         fileRef = "OBJ_109";
      };
      "OBJ_178" = {
         isa = "PBXBuildFile";
         fileRef = "OBJ_110";
      };
      "OBJ_179" = {
         isa = "PBXBuildFile";
         fileRef = "OBJ_111";
      };
      "OBJ_18" = {
         isa = "PBXGroup";
         children = (
            "OBJ_19",
            "OBJ_20"
         );
         name = "Provider";
         path = "Provider";
         sourceTree = "<group>";
      };
      "OBJ_180" = {
         isa = "PBXBuildFile";
         fileRef = "OBJ_112";
      };
      "OBJ_181" = {
         isa = "PBXBuildFile";
         fileRef = "OBJ_113";
      };
      "OBJ_182" = {
         isa = "PBXBuildFile";
         fileRef = "OBJ_115";
      };
      "OBJ_183" = {
         isa = "PBXBuildFile";
         fileRef = "OBJ_116";
      };
      "OBJ_184" = {
         isa = "PBXBuildFile";
         fileRef = "OBJ_117";
      };
      "OBJ_185" = {
         isa = "PBXBuildFile";
         fileRef = "OBJ_118";
      };
      "OBJ_186" = {
         isa = "PBXBuildFile";
         fileRef = "OBJ_119";
      };
      "OBJ_187" = {
         isa = "PBXFrameworksBuildPhase";
         files = (
         );
      };
      "OBJ_189" = {
         isa = "XCConfigurationList";
         buildConfigurations = (
            "OBJ_190",
            "OBJ_191"
         );
         defaultConfigurationIsVisible = "0";
         defaultConfigurationName = "Release";
      };
      "OBJ_19" = {
         isa = "PBXFileReference";
         path = "DependencyProvider.swift";
         sourceTree = "<group>";
      };
      "OBJ_190" = {
         isa = "XCBuildConfiguration";
         buildSettings = {
            LD = "/usr/bin/true";
            OTHER_SWIFT_FLAGS = (
               "-swift-version",
               "5",
               "-I",
               "$(TOOLCHAIN_DIR)/usr/lib/swift/pm/4_2",
               "-target",
               "x86_64-apple-macosx10.10",
               "-sdk",
               "/Applications/Xcode.app/Contents/Developer/Platforms/MacOSX.platform/Developer/SDKs/MacOSX10.14.sdk"
            );
            SWIFT_VERSION = "5.0";
         };
         name = "Debug";
      };
      "OBJ_191" = {
         isa = "XCBuildConfiguration";
         buildSettings = {
            LD = "/usr/bin/true";
            OTHER_SWIFT_FLAGS = (
               "-swift-version",
               "5",
               "-I",
               "$(TOOLCHAIN_DIR)/usr/lib/swift/pm/4_2",
               "-target",
               "x86_64-apple-macosx10.10",
               "-sdk",
               "/Applications/Xcode.app/Contents/Developer/Platforms/MacOSX.platform/Developer/SDKs/MacOSX10.14.sdk"
            );
            SWIFT_VERSION = "5.0";
         };
         name = "Release";
      };
      "OBJ_192" = {
         isa = "PBXSourcesBuildPhase";
         files = (
            "OBJ_193"
         );
      };
      "OBJ_193" = {
         isa = "PBXBuildFile";
         fileRef = "OBJ_120";
      };
      "OBJ_195" = {
         isa = "XCConfigurationList";
         buildConfigurations = (
            "OBJ_196",
            "OBJ_197"
         );
         defaultConfigurationIsVisible = "0";
         defaultConfigurationName = "Release";
      };
      "OBJ_196" = {
         isa = "XCBuildConfiguration";
         buildSettings = {
            ENABLE_TESTABILITY = "YES";
            FRAMEWORK_SEARCH_PATHS = (
               "$(inherited)",
               "$(PLATFORM_DIR)/Developer/Library/Frameworks"
            );
            HEADER_SEARCH_PATHS = (
               "$(inherited)",
               "$(SRCROOT)/.build/checkouts/Quick/Sources/QuickSpecBase/include"
            );
            INFOPLIST_FILE = "SwiftDI.xcodeproj/Quick_Info.plist";
            IPHONEOS_DEPLOYMENT_TARGET = "8.0";
            LD_RUNPATH_SEARCH_PATHS = (
               "$(inherited)",
               "$(TOOLCHAIN_DIR)/usr/lib/swift/macosx"
            );
            MACOSX_DEPLOYMENT_TARGET = "10.10";
            OTHER_CFLAGS = (
               "$(inherited)"
            );
            OTHER_LDFLAGS = (
               "$(inherited)"
            );
            OTHER_SWIFT_FLAGS = (
               "$(inherited)"
            );
            PRODUCT_BUNDLE_IDENTIFIER = "Quick";
            PRODUCT_MODULE_NAME = "$(TARGET_NAME:c99extidentifier)";
            PRODUCT_NAME = "$(TARGET_NAME:c99extidentifier)";
            SKIP_INSTALL = "YES";
            SWIFT_ACTIVE_COMPILATION_CONDITIONS = (
               "$(inherited)"
            );
            SWIFT_VERSION = "5.0";
            TARGET_NAME = "Quick";
            TVOS_DEPLOYMENT_TARGET = "9.0";
            WATCHOS_DEPLOYMENT_TARGET = "2.0";
         };
         name = "Debug";
      };
      "OBJ_197" = {
         isa = "XCBuildConfiguration";
         buildSettings = {
            ENABLE_TESTABILITY = "YES";
            FRAMEWORK_SEARCH_PATHS = (
               "$(inherited)",
               "$(PLATFORM_DIR)/Developer/Library/Frameworks"
            );
            HEADER_SEARCH_PATHS = (
               "$(inherited)",
               "$(SRCROOT)/.build/checkouts/Quick/Sources/QuickSpecBase/include"
            );
            INFOPLIST_FILE = "SwiftDI.xcodeproj/Quick_Info.plist";
            IPHONEOS_DEPLOYMENT_TARGET = "8.0";
            LD_RUNPATH_SEARCH_PATHS = (
               "$(inherited)",
               "$(TOOLCHAIN_DIR)/usr/lib/swift/macosx"
            );
            MACOSX_DEPLOYMENT_TARGET = "10.10";
            OTHER_CFLAGS = (
               "$(inherited)"
            );
            OTHER_LDFLAGS = (
               "$(inherited)"
            );
            OTHER_SWIFT_FLAGS = (
               "$(inherited)"
            );
            PRODUCT_BUNDLE_IDENTIFIER = "Quick";
            PRODUCT_MODULE_NAME = "$(TARGET_NAME:c99extidentifier)";
            PRODUCT_NAME = "$(TARGET_NAME:c99extidentifier)";
            SKIP_INSTALL = "YES";
            SWIFT_ACTIVE_COMPILATION_CONDITIONS = (
               "$(inherited)"
            );
            SWIFT_VERSION = "5.0";
            TARGET_NAME = "Quick";
            TVOS_DEPLOYMENT_TARGET = "9.0";
            WATCHOS_DEPLOYMENT_TARGET = "2.0";
         };
         name = "Release";
      };
      "OBJ_198" = {
         isa = "PBXSourcesBuildPhase";
         files = (
            "OBJ_199",
            "OBJ_200",
            "OBJ_201",
            "OBJ_202",
            "OBJ_203",
            "OBJ_204",
            "OBJ_205",
            "OBJ_206",
            "OBJ_207",
            "OBJ_208",
            "OBJ_209",
            "OBJ_210",
            "OBJ_211",
            "OBJ_212",
            "OBJ_213",
            "OBJ_214",
            "OBJ_215",
            "OBJ_216",
            "OBJ_217",
            "OBJ_218",
            "OBJ_219",
            "OBJ_220",
            "OBJ_221"
         );
      };
      "OBJ_199" = {
         isa = "PBXBuildFile";
         fileRef = "OBJ_31";
      };
      "OBJ_2" = {
         isa = "XCConfigurationList";
         buildConfigurations = (
            "OBJ_3",
            "OBJ_4"
         );
         defaultConfigurationIsVisible = "0";
         defaultConfigurationName = "Release";
      };
      "OBJ_20" = {
         isa = "PBXFileReference";
         path = "ProviderCache.swift";
         sourceTree = "<group>";
      };
      "OBJ_200" = {
         isa = "PBXBuildFile";
         fileRef = "OBJ_32";
      };
      "OBJ_201" = {
         isa = "PBXBuildFile";
         fileRef = "OBJ_34";
      };
      "OBJ_202" = {
         isa = "PBXBuildFile";
         fileRef = "OBJ_35";
      };
      "OBJ_203" = {
         isa = "PBXBuildFile";
         fileRef = "OBJ_37";
      };
      "OBJ_204" = {
         isa = "PBXBuildFile";
         fileRef = "OBJ_38";
      };
      "OBJ_205" = {
         isa = "PBXBuildFile";
         fileRef = "OBJ_39";
      };
      "OBJ_206" = {
         isa = "PBXBuildFile";
         fileRef = "OBJ_40";
      };
      "OBJ_207" = {
         isa = "PBXBuildFile";
         fileRef = "OBJ_41";
      };
      "OBJ_208" = {
         isa = "PBXBuildFile";
         fileRef = "OBJ_42";
      };
      "OBJ_209" = {
         isa = "PBXBuildFile";
         fileRef = "OBJ_43";
      };
      "OBJ_21" = {
         isa = "PBXGroup";
         children = (
            "OBJ_22"
         );
         name = "Tests";
         path = "";
         sourceTree = "SOURCE_ROOT";
      };
      "OBJ_210" = {
         isa = "PBXBuildFile";
         fileRef = "OBJ_45";
      };
      "OBJ_211" = {
         isa = "PBXBuildFile";
         fileRef = "OBJ_46";
      };
      "OBJ_212" = {
         isa = "PBXBuildFile";
         fileRef = "OBJ_47";
      };
      "OBJ_213" = {
         isa = "PBXBuildFile";
         fileRef = "OBJ_48";
      };
      "OBJ_214" = {
         isa = "PBXBuildFile";
         fileRef = "OBJ_49";
      };
      "OBJ_215" = {
         isa = "PBXBuildFile";
         fileRef = "OBJ_50";
      };
      "OBJ_216" = {
         isa = "PBXBuildFile";
         fileRef = "OBJ_51";
      };
      "OBJ_217" = {
         isa = "PBXBuildFile";
         fileRef = "OBJ_52";
      };
      "OBJ_218" = {
         isa = "PBXBuildFile";
         fileRef = "OBJ_53";
      };
      "OBJ_219" = {
         isa = "PBXBuildFile";
         fileRef = "OBJ_54";
      };
      "OBJ_22" = {
         isa = "PBXGroup";
         children = (
            "OBJ_23",
            "OBJ_24",
            "OBJ_25",
            "OBJ_26",
            "OBJ_27"
         );
         name = "SwiftDITests";
         path = "Tests/SwiftDITests";
         sourceTree = "SOURCE_ROOT";
      };
      "OBJ_220" = {
         isa = "PBXBuildFile";
         fileRef = "OBJ_55";
      };
      "OBJ_221" = {
         isa = "PBXBuildFile";
         fileRef = "OBJ_56";
      };
      "OBJ_222" = {
         isa = "PBXFrameworksBuildPhase";
         files = (
            "OBJ_223"
         );
      };
      "OBJ_223" = {
         isa = "PBXBuildFile";
         fileRef = "Quick::QuickSpecBase::Product";
      };
      "OBJ_224" = {
         isa = "PBXTargetDependency";
         target = "Quick::QuickSpecBase";
      };
      "OBJ_227" = {
         isa = "XCConfigurationList";
         buildConfigurations = (
            "OBJ_228",
            "OBJ_229"
         );
         defaultConfigurationIsVisible = "0";
         defaultConfigurationName = "Release";
      };
      "OBJ_228" = {
         isa = "XCBuildConfiguration";
         buildSettings = {
            LD = "/usr/bin/true";
            OTHER_SWIFT_FLAGS = (
               "-swift-version",
               "5",
               "-I",
               "$(TOOLCHAIN_DIR)/usr/lib/swift/pm/4_2",
               "-target",
               "x86_64-apple-macosx10.10",
               "-sdk",
               "/Applications/Xcode.app/Contents/Developer/Platforms/MacOSX.platform/Developer/SDKs/MacOSX10.14.sdk"
            );
            SWIFT_VERSION = "5.0";
         };
         name = "Debug";
      };
      "OBJ_229" = {
         isa = "XCBuildConfiguration";
         buildSettings = {
            LD = "/usr/bin/true";
            OTHER_SWIFT_FLAGS = (
               "-swift-version",
               "5",
               "-I",
               "$(TOOLCHAIN_DIR)/usr/lib/swift/pm/4_2",
               "-target",
               "x86_64-apple-macosx10.10",
               "-sdk",
               "/Applications/Xcode.app/Contents/Developer/Platforms/MacOSX.platform/Developer/SDKs/MacOSX10.14.sdk"
            );
            SWIFT_VERSION = "5.0";
         };
         name = "Release";
      };
      "OBJ_23" = {
         isa = "PBXFileReference";
         path = "Info.plist";
         sourceTree = "<group>";
      };
      "OBJ_230" = {
         isa = "PBXSourcesBuildPhase";
         files = (
            "OBJ_231"
         );
      };
      "OBJ_231" = {
         isa = "PBXBuildFile";
         fileRef = "OBJ_61";
      };
      "OBJ_232" = {
         isa = "XCConfigurationList";
         buildConfigurations = (
            "OBJ_233",
            "OBJ_234"
         );
         defaultConfigurationIsVisible = "0";
         defaultConfigurationName = "Release";
      };
      "OBJ_233" = {
         isa = "XCBuildConfiguration";
         buildSettings = {
            CLANG_ENABLE_MODULES = "YES";
            DEFINES_MODULE = "YES";
            ENABLE_TESTABILITY = "YES";
            FRAMEWORK_SEARCH_PATHS = (
               "$(inherited)",
               "$(PLATFORM_DIR)/Developer/Library/Frameworks"
            );
            HEADER_SEARCH_PATHS = (
               "$(inherited)",
               "$(SRCROOT)/.build/checkouts/Quick/Sources/QuickSpecBase/include"
            );
            INFOPLIST_FILE = "SwiftDI.xcodeproj/QuickSpecBase_Info.plist";
            IPHONEOS_DEPLOYMENT_TARGET = "8.0";
            LD_RUNPATH_SEARCH_PATHS = (
               "$(inherited)",
               "$(TOOLCHAIN_DIR)/usr/lib/swift/macosx"
            );
            MACOSX_DEPLOYMENT_TARGET = "10.10";
            OTHER_CFLAGS = (
               "$(inherited)"
            );
            OTHER_LDFLAGS = (
               "$(inherited)"
            );
            OTHER_SWIFT_FLAGS = (
               "$(inherited)"
            );
            PRODUCT_BUNDLE_IDENTIFIER = "QuickSpecBase";
            PRODUCT_MODULE_NAME = "$(TARGET_NAME:c99extidentifier)";
            PRODUCT_NAME = "$(TARGET_NAME:c99extidentifier)";
            SKIP_INSTALL = "YES";
            SWIFT_ACTIVE_COMPILATION_CONDITIONS = (
               "$(inherited)"
            );
            TARGET_NAME = "QuickSpecBase";
            TVOS_DEPLOYMENT_TARGET = "9.0";
            WATCHOS_DEPLOYMENT_TARGET = "2.0";
         };
         name = "Debug";
      };
      "OBJ_234" = {
         isa = "XCBuildConfiguration";
         buildSettings = {
            CLANG_ENABLE_MODULES = "YES";
            DEFINES_MODULE = "YES";
            ENABLE_TESTABILITY = "YES";
            FRAMEWORK_SEARCH_PATHS = (
               "$(inherited)",
               "$(PLATFORM_DIR)/Developer/Library/Frameworks"
            );
            HEADER_SEARCH_PATHS = (
               "$(inherited)",
               "$(SRCROOT)/.build/checkouts/Quick/Sources/QuickSpecBase/include"
            );
            INFOPLIST_FILE = "SwiftDI.xcodeproj/QuickSpecBase_Info.plist";
            IPHONEOS_DEPLOYMENT_TARGET = "8.0";
            LD_RUNPATH_SEARCH_PATHS = (
               "$(inherited)",
               "$(TOOLCHAIN_DIR)/usr/lib/swift/macosx"
            );
            MACOSX_DEPLOYMENT_TARGET = "10.10";
            OTHER_CFLAGS = (
               "$(inherited)"
            );
            OTHER_LDFLAGS = (
               "$(inherited)"
            );
            OTHER_SWIFT_FLAGS = (
               "$(inherited)"
            );
            PRODUCT_BUNDLE_IDENTIFIER = "QuickSpecBase";
            PRODUCT_MODULE_NAME = "$(TARGET_NAME:c99extidentifier)";
            PRODUCT_NAME = "$(TARGET_NAME:c99extidentifier)";
            SKIP_INSTALL = "YES";
            SWIFT_ACTIVE_COMPILATION_CONDITIONS = (
               "$(inherited)"
            );
            TARGET_NAME = "QuickSpecBase";
            TVOS_DEPLOYMENT_TARGET = "9.0";
            WATCHOS_DEPLOYMENT_TARGET = "2.0";
         };
         name = "Release";
      };
      "OBJ_235" = {
         isa = "PBXSourcesBuildPhase";
         files = (
            "OBJ_236"
         );
      };
      "OBJ_236" = {
         isa = "PBXBuildFile";
         fileRef = "OBJ_58";
      };
      "OBJ_237" = {
         isa = "PBXHeadersBuildPhase";
         files = (
            "OBJ_238"
         );
      };
      "OBJ_238" = {
         isa = "PBXBuildFile";
         fileRef = "OBJ_60";
         settings = {
            ATTRIBUTES = (
               "Public"
            );
         };
      };
      "OBJ_239" = {
         isa = "PBXFrameworksBuildPhase";
         files = (
         );
      };
      "OBJ_24" = {
         isa = "PBXFileReference";
         path = "ConstructorInjectionTest.swift";
         sourceTree = "<group>";
      };
      "OBJ_241" = {
         isa = "XCConfigurationList";
         buildConfigurations = (
            "OBJ_242",
            "OBJ_243"
         );
         defaultConfigurationIsVisible = "0";
         defaultConfigurationName = "Release";
      };
      "OBJ_242" = {
         isa = "XCBuildConfiguration";
         buildSettings = {
            ENABLE_TESTABILITY = "YES";
            FRAMEWORK_SEARCH_PATHS = (
               "$(inherited)",
               "$(PLATFORM_DIR)/Developer/Library/Frameworks"
            );
            HEADER_SEARCH_PATHS = (
               "$(inherited)"
            );
            INFOPLIST_FILE = "SwiftDI.xcodeproj/SwiftDI_Info.plist";
            IPHONEOS_DEPLOYMENT_TARGET = "8.0";
            LD_RUNPATH_SEARCH_PATHS = (
               "$(inherited)",
               "$(TOOLCHAIN_DIR)/usr/lib/swift/macosx"
            );
            MACOSX_DEPLOYMENT_TARGET = "10.10";
            OTHER_CFLAGS = (
               "$(inherited)"
            );
            OTHER_LDFLAGS = (
               "$(inherited)"
            );
            OTHER_SWIFT_FLAGS = (
               "$(inherited)"
            );
            PRODUCT_BUNDLE_IDENTIFIER = "SwiftDI";
            PRODUCT_MODULE_NAME = "$(TARGET_NAME:c99extidentifier)";
            PRODUCT_NAME = "$(TARGET_NAME:c99extidentifier)";
            SKIP_INSTALL = "YES";
            SWIFT_ACTIVE_COMPILATION_CONDITIONS = (
               "$(inherited)"
            );
            SWIFT_VERSION = "5.0";
            TARGET_NAME = "SwiftDI";
            TVOS_DEPLOYMENT_TARGET = "9.0";
            WATCHOS_DEPLOYMENT_TARGET = "2.0";
         };
         name = "Debug";
      };
      "OBJ_243" = {
         isa = "XCBuildConfiguration";
         buildSettings = {
            ENABLE_TESTABILITY = "YES";
            FRAMEWORK_SEARCH_PATHS = (
               "$(inherited)",
               "$(PLATFORM_DIR)/Developer/Library/Frameworks"
            );
            HEADER_SEARCH_PATHS = (
               "$(inherited)"
            );
            INFOPLIST_FILE = "SwiftDI.xcodeproj/SwiftDI_Info.plist";
            IPHONEOS_DEPLOYMENT_TARGET = "8.0";
            LD_RUNPATH_SEARCH_PATHS = (
               "$(inherited)",
               "$(TOOLCHAIN_DIR)/usr/lib/swift/macosx"
            );
            MACOSX_DEPLOYMENT_TARGET = "10.10";
            OTHER_CFLAGS = (
               "$(inherited)"
            );
            OTHER_LDFLAGS = (
               "$(inherited)"
            );
            OTHER_SWIFT_FLAGS = (
               "$(inherited)"
            );
            PRODUCT_BUNDLE_IDENTIFIER = "SwiftDI";
            PRODUCT_MODULE_NAME = "$(TARGET_NAME:c99extidentifier)";
            PRODUCT_NAME = "$(TARGET_NAME:c99extidentifier)";
            SKIP_INSTALL = "YES";
            SWIFT_ACTIVE_COMPILATION_CONDITIONS = (
               "$(inherited)"
            );
            SWIFT_VERSION = "5.0";
            TARGET_NAME = "SwiftDI";
            TVOS_DEPLOYMENT_TARGET = "9.0";
            WATCHOS_DEPLOYMENT_TARGET = "2.0";
         };
         name = "Release";
      };
      "OBJ_244" = {
         isa = "PBXSourcesBuildPhase";
         files = (
            "OBJ_245",
            "OBJ_246",
            "OBJ_247",
            "OBJ_248",
            "OBJ_249",
            "OBJ_250",
            "OBJ_251",
            "OBJ_252"
         );
      };
      "OBJ_245" = {
         isa = "PBXBuildFile";
         fileRef = "OBJ_12";
      };
      "OBJ_246" = {
         isa = "PBXBuildFile";
         fileRef = "OBJ_13";
      };
      "OBJ_247" = {
         isa = "PBXBuildFile";
         fileRef = "OBJ_14";
      };
      "OBJ_248" = {
         isa = "PBXBuildFile";
         fileRef = "OBJ_15";
      };
      "OBJ_249" = {
         isa = "PBXBuildFile";
         fileRef = "OBJ_16";
      };
      "OBJ_25" = {
         isa = "PBXFileReference";
         path = "InjectorInheritanceTest.swift";
         sourceTree = "<group>";
      };
      "OBJ_250" = {
         isa = "PBXBuildFile";
         fileRef = "OBJ_17";
      };
      "OBJ_251" = {
         isa = "PBXBuildFile";
         fileRef = "OBJ_19";
      };
      "OBJ_252" = {
         isa = "PBXBuildFile";
         fileRef = "OBJ_20";
      };
      "OBJ_253" = {
         isa = "PBXFrameworksBuildPhase";
         files = (
         );
      };
      "OBJ_255" = {
         isa = "XCConfigurationList";
         buildConfigurations = (
            "OBJ_256",
            "OBJ_257"
         );
         defaultConfigurationIsVisible = "0";
         defaultConfigurationName = "Release";
      };
      "OBJ_256" = {
         isa = "XCBuildConfiguration";
         buildSettings = {
            LD = "/usr/bin/true";
            OTHER_SWIFT_FLAGS = (
               "-swift-version",
               "5",
               "-I",
               "$(TOOLCHAIN_DIR)/usr/lib/swift/pm/4_2",
               "-target",
               "x86_64-apple-macosx10.10",
               "-sdk",
               "/Applications/Xcode.app/Contents/Developer/Platforms/MacOSX.platform/Developer/SDKs/MacOSX10.14.sdk"
            );
            SWIFT_VERSION = "5.0";
         };
         name = "Debug";
      };
      "OBJ_257" = {
         isa = "XCBuildConfiguration";
         buildSettings = {
            LD = "/usr/bin/true";
            OTHER_SWIFT_FLAGS = (
               "-swift-version",
               "5",
               "-I",
               "$(TOOLCHAIN_DIR)/usr/lib/swift/pm/4_2",
               "-target",
               "x86_64-apple-macosx10.10",
               "-sdk",
               "/Applications/Xcode.app/Contents/Developer/Platforms/MacOSX.platform/Developer/SDKs/MacOSX10.14.sdk"
            );
            SWIFT_VERSION = "5.0";
         };
         name = "Release";
      };
      "OBJ_258" = {
         isa = "PBXSourcesBuildPhase";
         files = (
            "OBJ_259"
         );
      };
      "OBJ_259" = {
         isa = "PBXBuildFile";
         fileRef = "OBJ_6";
      };
      "OBJ_26" = {
         isa = "PBXFileReference";
         path = "InjectorPerformanceTest.swift";
         sourceTree = "<group>";
      };
      "OBJ_261" = {
         isa = "XCConfigurationList";
         buildConfigurations = (
            "OBJ_262",
            "OBJ_263"
         );
         defaultConfigurationIsVisible = "0";
         defaultConfigurationName = "Release";
      };
      "OBJ_262" = {
         isa = "XCBuildConfiguration";
         buildSettings = {
         };
         name = "Debug";
      };
      "OBJ_263" = {
         isa = "XCBuildConfiguration";
         buildSettings = {
         };
         name = "Release";
      };
      "OBJ_264" = {
         isa = "PBXTargetDependency";
         target = "SwiftDI::SwiftDITests";
      };
      "OBJ_266" = {
         isa = "XCConfigurationList";
         buildConfigurations = (
            "OBJ_267",
            "OBJ_268"
         );
         defaultConfigurationIsVisible = "0";
         defaultConfigurationName = "Release";
      };
      "OBJ_267" = {
         isa = "XCBuildConfiguration";
         buildSettings = {
            CLANG_ENABLE_MODULES = "YES";
            EMBEDDED_CONTENT_CONTAINS_SWIFT = "YES";
            FRAMEWORK_SEARCH_PATHS = (
               "$(inherited)",
               "$(PLATFORM_DIR)/Developer/Library/Frameworks"
            );
            HEADER_SEARCH_PATHS = (
               "$(inherited)",
               "$(SRCROOT)/.build/checkouts/Quick/Sources/QuickSpecBase/include"
            );
            INFOPLIST_FILE = "SwiftDI.xcodeproj/SwiftDITests_Info.plist";
            IPHONEOS_DEPLOYMENT_TARGET = "8.0";
            LD_RUNPATH_SEARCH_PATHS = (
               "$(inherited)",
               "@loader_path/../Frameworks",
               "@loader_path/Frameworks"
            );
            MACOSX_DEPLOYMENT_TARGET = "10.10";
            OTHER_CFLAGS = (
               "$(inherited)"
            );
            OTHER_LDFLAGS = (
               "$(inherited)"
            );
            OTHER_SWIFT_FLAGS = (
               "$(inherited)"
            );
            SWIFT_ACTIVE_COMPILATION_CONDITIONS = (
               "$(inherited)"
            );
            SWIFT_VERSION = "5.0";
            TARGET_NAME = "SwiftDITests";
            TVOS_DEPLOYMENT_TARGET = "9.0";
            WATCHOS_DEPLOYMENT_TARGET = "2.0";
         };
         name = "Debug";
      };
      "OBJ_268" = {
         isa = "XCBuildConfiguration";
         buildSettings = {
            CLANG_ENABLE_MODULES = "YES";
            EMBEDDED_CONTENT_CONTAINS_SWIFT = "YES";
            FRAMEWORK_SEARCH_PATHS = (
               "$(inherited)",
               "$(PLATFORM_DIR)/Developer/Library/Frameworks"
            );
            HEADER_SEARCH_PATHS = (
               "$(inherited)",
               "$(SRCROOT)/.build/checkouts/Quick/Sources/QuickSpecBase/include"
            );
            INFOPLIST_FILE = "SwiftDI.xcodeproj/SwiftDITests_Info.plist";
            IPHONEOS_DEPLOYMENT_TARGET = "8.0";
            LD_RUNPATH_SEARCH_PATHS = (
               "$(inherited)",
               "@loader_path/../Frameworks",
               "@loader_path/Frameworks"
            );
            MACOSX_DEPLOYMENT_TARGET = "10.10";
            OTHER_CFLAGS = (
               "$(inherited)"
            );
            OTHER_LDFLAGS = (
               "$(inherited)"
            );
            OTHER_SWIFT_FLAGS = (
               "$(inherited)"
            );
            SWIFT_ACTIVE_COMPILATION_CONDITIONS = (
               "$(inherited)"
            );
            SWIFT_VERSION = "5.0";
            TARGET_NAME = "SwiftDITests";
            TVOS_DEPLOYMENT_TARGET = "9.0";
            WATCHOS_DEPLOYMENT_TARGET = "2.0";
         };
         name = "Release";
      };
      "OBJ_269" = {
         isa = "PBXSourcesBuildPhase";
         files = (
            "OBJ_270",
            "OBJ_271",
            "OBJ_272",
            "OBJ_273"
         );
      };
      "OBJ_27" = {
         isa = "PBXFileReference";
         path = "InjectorTest.swift";
         sourceTree = "<group>";
      };
      "OBJ_270" = {
         isa = "PBXBuildFile";
         fileRef = "OBJ_24";
      };
      "OBJ_271" = {
         isa = "PBXBuildFile";
         fileRef = "OBJ_25";
      };
      "OBJ_272" = {
         isa = "PBXBuildFile";
         fileRef = "OBJ_26";
      };
      "OBJ_273" = {
         isa = "PBXBuildFile";
         fileRef = "OBJ_27";
      };
      "OBJ_274" = {
         isa = "PBXFrameworksBuildPhase";
         files = (
            "OBJ_275",
            "OBJ_276",
            "OBJ_277",
            "OBJ_278"
         );
      };
      "OBJ_275" = {
         isa = "PBXBuildFile";
         fileRef = "Nimble::Nimble::Product";
      };
      "OBJ_276" = {
         isa = "PBXBuildFile";
         fileRef = "Quick::Quick::Product";
      };
      "OBJ_277" = {
         isa = "PBXBuildFile";
         fileRef = "Quick::QuickSpecBase::Product";
      };
      "OBJ_278" = {
         isa = "PBXBuildFile";
         fileRef = "SwiftDI::SwiftDI::Product";
      };
      "OBJ_279" = {
         isa = "PBXTargetDependency";
         target = "Nimble::Nimble";
      };
      "OBJ_28" = {
         isa = "PBXGroup";
         children = (
            "OBJ_29",
            "OBJ_62"
         );
         name = "Dependencies";
         path = "";
         sourceTree = "<group>";
      };
      "OBJ_280" = {
         isa = "PBXTargetDependency";
         target = "Quick::Quick";
      };
      "OBJ_281" = {
         isa = "PBXTargetDependency";
         target = "Quick::QuickSpecBase";
      };
      "OBJ_282" = {
         isa = "PBXTargetDependency";
         target = "SwiftDI::SwiftDI";
      };
      "OBJ_29" = {
         isa = "PBXGroup";
         children = (
            "OBJ_30",
            "OBJ_57",
            "OBJ_61"
         );
         name = "Quick 2.1.0";
         path = "";
         sourceTree = "SOURCE_ROOT";
      };
      "OBJ_3" = {
         isa = "XCBuildConfiguration";
         buildSettings = {
            CLANG_ENABLE_OBJC_ARC = "YES";
            COMBINE_HIDPI_IMAGES = "YES";
            COPY_PHASE_STRIP = "NO";
            DEBUG_INFORMATION_FORMAT = "dwarf";
            DYLIB_INSTALL_NAME_BASE = "@rpath";
            ENABLE_NS_ASSERTIONS = "YES";
            GCC_OPTIMIZATION_LEVEL = "0";
            GCC_PREPROCESSOR_DEFINITIONS = (
               "$(inherited)",
               "SWIFT_PACKAGE=1",
               "DEBUG=1"
            );
            MACOSX_DEPLOYMENT_TARGET = "10.10";
            ONLY_ACTIVE_ARCH = "YES";
            OTHER_SWIFT_FLAGS = (
               "-DXcode"
            );
            PRODUCT_NAME = "$(TARGET_NAME)";
            SDKROOT = "macosx";
            SUPPORTED_PLATFORMS = (
               "macosx",
               "iphoneos",
               "iphonesimulator",
               "appletvos",
               "appletvsimulator",
               "watchos",
               "watchsimulator"
            );
            SWIFT_ACTIVE_COMPILATION_CONDITIONS = (
               "$(inherited)",
               "SWIFT_PACKAGE",
               "DEBUG"
            );
            SWIFT_OPTIMIZATION_LEVEL = "-Onone";
            USE_HEADERMAP = "NO";
         };
         name = "Debug";
      };
      "OBJ_30" = {
         isa = "PBXGroup";
         children = (
            "OBJ_31",
            "OBJ_32",
            "OBJ_33",
            "OBJ_36",
            "OBJ_39",
            "OBJ_40",
            "OBJ_41",
            "OBJ_42",
            "OBJ_43",
            "OBJ_44",
            "OBJ_49",
            "OBJ_50",
            "OBJ_51",
            "OBJ_52",
            "OBJ_53",
            "OBJ_54",
            "OBJ_55",
            "OBJ_56"
         );
         name = "Quick";
         path = ".build/checkouts/Quick/Sources/Quick";
         sourceTree = "SOURCE_ROOT";
      };
      "OBJ_31" = {
         isa = "PBXFileReference";
         path = "Behavior.swift";
         sourceTree = "<group>";
      };
      "OBJ_32" = {
         isa = "PBXFileReference";
         path = "Callsite.swift";
         sourceTree = "<group>";
      };
      "OBJ_33" = {
         isa = "PBXGroup";
         children = (
            "OBJ_34",
            "OBJ_35"
         );
         name = "Configuration";
         path = "Configuration";
         sourceTree = "<group>";
      };
      "OBJ_34" = {
         isa = "PBXFileReference";
         path = "Configuration.swift";
         sourceTree = "<group>";
      };
      "OBJ_35" = {
         isa = "PBXFileReference";
         path = "QuickConfiguration.swift";
         sourceTree = "<group>";
      };
      "OBJ_36" = {
         isa = "PBXGroup";
         children = (
            "OBJ_37",
            "OBJ_38"
         );
         name = "DSL";
         path = "DSL";
         sourceTree = "<group>";
      };
      "OBJ_37" = {
         isa = "PBXFileReference";
         path = "DSL.swift";
         sourceTree = "<group>";
      };
      "OBJ_38" = {
         isa = "PBXFileReference";
         path = "World+DSL.swift";
         sourceTree = "<group>";
      };
      "OBJ_39" = {
         isa = "PBXFileReference";
         path = "ErrorUtility.swift";
         sourceTree = "<group>";
      };
      "OBJ_4" = {
         isa = "XCBuildConfiguration";
         buildSettings = {
            CLANG_ENABLE_OBJC_ARC = "YES";
            COMBINE_HIDPI_IMAGES = "YES";
            COPY_PHASE_STRIP = "YES";
            DEBUG_INFORMATION_FORMAT = "dwarf-with-dsym";
            DYLIB_INSTALL_NAME_BASE = "@rpath";
            GCC_OPTIMIZATION_LEVEL = "s";
            GCC_PREPROCESSOR_DEFINITIONS = (
               "$(inherited)",
               "SWIFT_PACKAGE=1"
            );
            MACOSX_DEPLOYMENT_TARGET = "10.10";
            OTHER_SWIFT_FLAGS = (
               "-DXcode"
            );
            PRODUCT_NAME = "$(TARGET_NAME)";
            SDKROOT = "macosx";
            SUPPORTED_PLATFORMS = (
               "macosx",
               "iphoneos",
               "iphonesimulator",
               "appletvos",
               "appletvsimulator",
               "watchos",
               "watchsimulator"
            );
            SWIFT_ACTIVE_COMPILATION_CONDITIONS = (
               "$(inherited)",
               "SWIFT_PACKAGE"
            );
            SWIFT_OPTIMIZATION_LEVEL = "-Owholemodule";
            USE_HEADERMAP = "NO";
         };
         name = "Release";
      };
      "OBJ_40" = {
         isa = "PBXFileReference";
         path = "Example.swift";
         sourceTree = "<group>";
      };
      "OBJ_41" = {
         isa = "PBXFileReference";
         path = "ExampleGroup.swift";
         sourceTree = "<group>";
      };
      "OBJ_42" = {
         isa = "PBXFileReference";
         path = "ExampleMetadata.swift";
         sourceTree = "<group>";
      };
      "OBJ_43" = {
         isa = "PBXFileReference";
         path = "Filter.swift";
         sourceTree = "<group>";
      };
      "OBJ_44" = {
         isa = "PBXGroup";
         children = (
            "OBJ_45",
            "OBJ_46",
            "OBJ_47",
            "OBJ_48"
         );
         name = "Hooks";
         path = "Hooks";
         sourceTree = "<group>";
      };
      "OBJ_45" = {
         isa = "PBXFileReference";
         path = "Closures.swift";
         sourceTree = "<group>";
      };
      "OBJ_46" = {
         isa = "PBXFileReference";
         path = "ExampleHooks.swift";
         sourceTree = "<group>";
      };
      "OBJ_47" = {
         isa = "PBXFileReference";
         path = "HooksPhase.swift";
         sourceTree = "<group>";
      };
      "OBJ_48" = {
         isa = "PBXFileReference";
         path = "SuiteHooks.swift";
         sourceTree = "<group>";
      };
      "OBJ_49" = {
         isa = "PBXFileReference";
         path = "NSBundle+CurrentTestBundle.swift";
         sourceTree = "<group>";
      };
      "OBJ_5" = {
         isa = "PBXGroup";
         children = (
            "OBJ_6",
            "OBJ_7",
            "OBJ_21",
            "OBJ_28",
            "OBJ_121",
            "OBJ_127",
            "OBJ_128",
            "OBJ_129"
         );
         path = "";
         sourceTree = "<group>";
      };
      "OBJ_50" = {
         isa = "PBXFileReference";
         path = "QuickMain.swift";
         sourceTree = "<group>";
      };
      "OBJ_51" = {
         isa = "PBXFileReference";
         path = "QuickSelectedTestSuiteBuilder.swift";
         sourceTree = "<group>";
      };
      "OBJ_52" = {
         isa = "PBXFileReference";
         path = "QuickSpec.swift";
         sourceTree = "<group>";
      };
      "OBJ_53" = {
         isa = "PBXFileReference";
         path = "QuickTestSuite.swift";
         sourceTree = "<group>";
      };
      "OBJ_54" = {
         isa = "PBXFileReference";
         path = "String+C99ExtendedIdentifier.swift";
         sourceTree = "<group>";
      };
      "OBJ_55" = {
         isa = "PBXFileReference";
         path = "URL+FileName.swift";
         sourceTree = "<group>";
      };
      "OBJ_56" = {
         isa = "PBXFileReference";
         path = "World.swift";
         sourceTree = "<group>";
      };
      "OBJ_57" = {
         isa = "PBXGroup";
         children = (
            "OBJ_58",
            "OBJ_59"
         );
         name = "QuickSpecBase";
         path = ".build/checkouts/Quick/Sources/QuickSpecBase";
         sourceTree = "SOURCE_ROOT";
      };
      "OBJ_58" = {
         isa = "PBXFileReference";
         path = "QuickSpecBase.m";
         sourceTree = "<group>";
      };
      "OBJ_59" = {
         isa = "PBXGroup";
         children = (
            "OBJ_60"
         );
         name = "include";
         path = "include";
         sourceTree = "<group>";
      };
      "OBJ_6" = {
         isa = "PBXFileReference";
         explicitFileType = "sourcecode.swift";
         path = "Package.swift";
         sourceTree = "<group>";
      };
      "OBJ_60" = {
         isa = "PBXFileReference";
         path = "QuickSpecBase.h";
         sourceTree = "<group>";
      };
      "OBJ_61" = {
         isa = "PBXFileReference";
         explicitFileType = "sourcecode.swift";
         name = "Package.swift";
         path = "/Users/andrey/Develop/SwiftDI/.build/checkouts/Quick/Package.swift";
         sourceTree = "<group>";
      };
      "OBJ_62" = {
         isa = "PBXGroup";
         children = (
            "OBJ_63",
            "OBJ_120"
         );
         name = "Nimble 8.0.2";
         path = "";
         sourceTree = "SOURCE_ROOT";
      };
      "OBJ_63" = {
         isa = "PBXGroup";
         children = (
            "OBJ_64",
            "OBJ_74",
            "OBJ_75",
            "OBJ_76",
            "OBJ_77",
            "OBJ_78",
            "OBJ_79",
            "OBJ_80",
            "OBJ_114"
         );
         name = "Nimble";
         path = ".build/checkouts/Nimble/Sources/Nimble";
         sourceTree = "SOURCE_ROOT";
      };
      "OBJ_64" = {
         isa = "PBXGroup";
         children = (
            "OBJ_65",
            "OBJ_66",
            "OBJ_67",
            "OBJ_68",
            "OBJ_69",
            "OBJ_70",
            "OBJ_71",
            "OBJ_72"
         );
         name = "Adapters";
         path = "Adapters";
         sourceTree = "<group>";
      };
      "OBJ_65" = {
         isa = "PBXFileReference";
         path = "AdapterProtocols.swift";
         sourceTree = "<group>";
      };
      "OBJ_66" = {
         isa = "PBXFileReference";
         path = "AssertionDispatcher.swift";
         sourceTree = "<group>";
      };
      "OBJ_67" = {
         isa = "PBXFileReference";
         path = "AssertionRecorder.swift";
         sourceTree = "<group>";
      };
      "OBJ_68" = {
         isa = "PBXFileReference";
         path = "NMBExpectation.swift";
         sourceTree = "<group>";
      };
      "OBJ_69" = {
         isa = "PBXFileReference";
         path = "NMBObjCMatcher.swift";
         sourceTree = "<group>";
      };
      "OBJ_7" = {
         isa = "PBXGroup";
         children = (
            "OBJ_8"
         );
         name = "Sources";
         path = "";
         sourceTree = "SOURCE_ROOT";
      };
      "OBJ_70" = {
         isa = "PBXFileReference";
         path = "NimbleEnvironment.swift";
         sourceTree = "<group>";
      };
      "OBJ_71" = {
         isa = "PBXFileReference";
         path = "NimbleXCTestHandler.swift";
         sourceTree = "<group>";
      };
      "OBJ_72" = {
         isa = "PBXGroup";
         children = (
            "OBJ_73"
         );
         name = "NonObjectiveC";
         path = "NonObjectiveC";
         sourceTree = "<group>";
      };
      "OBJ_73" = {
         isa = "PBXFileReference";
         path = "ExceptionCapture.swift";
         sourceTree = "<group>";
      };
      "OBJ_74" = {
         isa = "PBXFileReference";
         path = "DSL+Wait.swift";
         sourceTree = "<group>";
      };
      "OBJ_75" = {
         isa = "PBXFileReference";
         path = "DSL.swift";
         sourceTree = "<group>";
      };
      "OBJ_76" = {
         isa = "PBXFileReference";
         path = "Expectation.swift";
         sourceTree = "<group>";
      };
      "OBJ_77" = {
         isa = "PBXFileReference";
         path = "ExpectationMessage.swift";
         sourceTree = "<group>";
      };
      "OBJ_78" = {
         isa = "PBXFileReference";
         path = "Expression.swift";
         sourceTree = "<group>";
      };
      "OBJ_79" = {
         isa = "PBXFileReference";
         path = "FailureMessage.swift";
         sourceTree = "<group>";
      };
      "OBJ_8" = {
         isa = "PBXGroup";
         children = (
            "OBJ_9",
            "OBJ_10",
            "OBJ_11",
            "OBJ_14",
            "OBJ_15",
            "OBJ_16",
            "OBJ_17",
            "OBJ_18"
         );
         name = "SwiftDI";
         path = "Sources/SwiftDI";
         sourceTree = "SOURCE_ROOT";
      };
      "OBJ_80" = {
         isa = "PBXGroup";
         children = (
            "OBJ_81",
            "OBJ_82",
            "OBJ_83",
            "OBJ_84",
            "OBJ_85",
            "OBJ_86",
            "OBJ_87",
            "OBJ_88",
            "OBJ_89",
            "OBJ_90",
            "OBJ_91",
            "OBJ_92",
            "OBJ_93",
            "OBJ_94",
            "OBJ_95",
            "OBJ_96",
            "OBJ_97",
            "OBJ_98",
            "OBJ_99",
            "OBJ_100",
            "OBJ_101",
            "OBJ_102",
            "OBJ_103",
            "OBJ_104",
            "OBJ_105",
            "OBJ_106",
            "OBJ_107",
            "OBJ_108",
            "OBJ_109",
            "OBJ_110",
            "OBJ_111",
            "OBJ_112",
            "OBJ_113"
         );
         name = "Matchers";
         path = "Matchers";
         sourceTree = "<group>";
      };
      "OBJ_81" = {
         isa = "PBXFileReference";
         path = "AllPass.swift";
         sourceTree = "<group>";
      };
      "OBJ_82" = {
         isa = "PBXFileReference";
         path = "Async.swift";
         sourceTree = "<group>";
      };
      "OBJ_83" = {
         isa = "PBXFileReference";
         path = "BeAKindOf.swift";
         sourceTree = "<group>";
      };
      "OBJ_84" = {
         isa = "PBXFileReference";
         path = "BeAnInstanceOf.swift";
         sourceTree = "<group>";
      };
      "OBJ_85" = {
         isa = "PBXFileReference";
         path = "BeCloseTo.swift";
         sourceTree = "<group>";
      };
      "OBJ_86" = {
         isa = "PBXFileReference";
         path = "BeEmpty.swift";
         sourceTree = "<group>";
      };
      "OBJ_87" = {
         isa = "PBXFileReference";
         path = "BeGreaterThan.swift";
         sourceTree = "<group>";
      };
      "OBJ_88" = {
         isa = "PBXFileReference";
         path = "BeGreaterThanOrEqualTo.swift";
         sourceTree = "<group>";
      };
      "OBJ_89" = {
         isa = "PBXFileReference";
         path = "BeIdenticalTo.swift";
         sourceTree = "<group>";
      };
      "OBJ_9" = {
         isa = "PBXFileReference";
         path = "SwiftDI.h";
         sourceTree = "<group>";
      };
      "OBJ_90" = {
         isa = "PBXFileReference";
         path = "BeLessThan.swift";
         sourceTree = "<group>";
      };
      "OBJ_91" = {
         isa = "PBXFileReference";
         path = "BeLessThanOrEqual.swift";
         sourceTree = "<group>";
      };
      "OBJ_92" = {
         isa = "PBXFileReference";
         path = "BeLogical.swift";
         sourceTree = "<group>";
      };
      "OBJ_93" = {
         isa = "PBXFileReference";
         path = "BeNil.swift";
         sourceTree = "<group>";
      };
      "OBJ_94" = {
         isa = "PBXFileReference";
         path = "BeVoid.swift";
         sourceTree = "<group>";
      };
      "OBJ_95" = {
         isa = "PBXFileReference";
         path = "BeginWith.swift";
         sourceTree = "<group>";
      };
      "OBJ_96" = {
         isa = "PBXFileReference";
         path = "Contain.swift";
         sourceTree = "<group>";
      };
      "OBJ_97" = {
         isa = "PBXFileReference";
         path = "ContainElementSatisfying.swift";
         sourceTree = "<group>";
      };
      "OBJ_98" = {
         isa = "PBXFileReference";
         path = "ElementsEqual.swift";
         sourceTree = "<group>";
      };
      "OBJ_99" = {
         isa = "PBXFileReference";
         path = "EndWith.swift";
         sourceTree = "<group>";
      };
      "Quick::Quick" = {
         isa = "PBXNativeTarget";
         buildConfigurationList = "OBJ_195";
         buildPhases = (
            "OBJ_198",
            "OBJ_222"
         );
         dependencies = (
            "OBJ_224"
         );
         name = "Quick";
         productName = "Quick";
         productReference = "Quick::Quick::Product";
         productType = "com.apple.product-type.framework";
      };
      "Quick::Quick::Product" = {
         isa = "PBXFileReference";
         path = "Quick.framework";
         sourceTree = "BUILT_PRODUCTS_DIR";
      };
      "Quick::QuickSpecBase" = {
         isa = "PBXNativeTarget";
         buildConfigurationList = "OBJ_232";
         buildPhases = (
            "OBJ_235",
            "OBJ_237",
            "OBJ_239"
         );
         dependencies = (
         );
         name = "QuickSpecBase";
         productName = "QuickSpecBase";
         productReference = "Quick::QuickSpecBase::Product";
         productType = "com.apple.product-type.framework";
      };
      "Quick::QuickSpecBase::Product" = {
         isa = "PBXFileReference";
         path = "QuickSpecBase.framework";
         sourceTree = "BUILT_PRODUCTS_DIR";
      };
      "Quick::SwiftPMPackageDescription" = {
         isa = "PBXNativeTarget";
         buildConfigurationList = "OBJ_227";
         buildPhases = (
            "OBJ_230"
         );
         dependencies = (
         );
         name = "QuickPackageDescription";
         productName = "QuickPackageDescription";
         productType = "com.apple.product-type.framework";
      };
      "SwiftDI::SwiftDI" = {
         isa = "PBXNativeTarget";
         buildConfigurationList = "OBJ_241";
         buildPhases = (
            "OBJ_244",
            "OBJ_253"
         );
         dependencies = (
         );
         name = "SwiftDI";
         productName = "SwiftDI";
         productReference = "SwiftDI::SwiftDI::Product";
         productType = "com.apple.product-type.framework";
      };
      "SwiftDI::SwiftDI::Product" = {
         isa = "PBXFileReference";
         path = "SwiftDI.framework";
         sourceTree = "BUILT_PRODUCTS_DIR";
      };
      "SwiftDI::SwiftDIPackageTests::ProductTarget" = {
         isa = "PBXAggregateTarget";
         buildConfigurationList = "OBJ_261";
         buildPhases = (
         );
         dependencies = (
            "OBJ_264"
         );
         name = "SwiftDIPackageTests";
         productName = "SwiftDIPackageTests";
      };
      "SwiftDI::SwiftDITests" = {
         isa = "PBXNativeTarget";
         buildConfigurationList = "OBJ_266";
         buildPhases = (
            "OBJ_269",
            "OBJ_274"
         );
         dependencies = (
            "OBJ_279",
            "OBJ_280",
            "OBJ_281",
            "OBJ_282"
         );
         name = "SwiftDITests";
         productName = "SwiftDITests";
         productReference = "SwiftDI::SwiftDITests::Product";
         productType = "com.apple.product-type.bundle.unit-test";
      };
      "SwiftDI::SwiftDITests::Product" = {
         isa = "PBXFileReference";
         path = "SwiftDITests.xctest";
         sourceTree = "BUILT_PRODUCTS_DIR";
      };
      "SwiftDI::SwiftPMPackageDescription" = {
         isa = "PBXNativeTarget";
         buildConfigurationList = "OBJ_255";
         buildPhases = (
            "OBJ_258"
         );
         dependencies = (
         );
         name = "SwiftDIPackageDescription";
         productName = "SwiftDIPackageDescription";
         productType = "com.apple.product-type.framework";
      };
   };
   rootObject = "OBJ_1";
}
